
Microsoft Visual Studio Solution File, Format Version 12.00
# Visual Studio 14
VisualStudioVersion = 14.0.25123.0
MinimumVisualStudioVersion = 10.0.40219.1
Project("{FAE04EC0-301F-11D3-BF4B-00C04F79EFBC}") = "RecyclerVIewSample.Droid", "RecyclerVIewSample\RecyclerVIewSample.Droid.csproj", "{B260A3BF-953C-4CBE-BF9D-3201D3637BDB}"
EndProject
Project("{FAE04EC0-301F-11D3-BF4B-00C04F79EFBC}") = "RecyclerVIewSample.Core", "RecyclerVIewSample.Core\RecyclerVIewSample.Core.csproj", "{34FE34E6-25AD-47CA-AEAE-B25002453940}"
EndProject
Global
	GlobalSection(SolutionConfigurationPlatforms) = preSolution
		Debug|Any CPU = Debug|Any CPU
		Release|Any CPU = Release|Any CPU
	EndGlobalSection
	GlobalSection(ProjectConfigurationPlatforms) = postSolution
		{B260A3BF-953C-4CBE-BF9D-3201D3637BDB}.Debug|Any CPU.ActiveCfg = Debug|Any CPU
		{B260A3BF-953C-4CBE-BF9D-3201D3637BDB}.Debug|Any CPU.Build.0 = Debug|Any CPU
		{B260A3BF-953C-4CBE-BF9D-3201D3637BDB}.Debug|Any CPU.Deploy.0 = Debug|Any CPU
		{B260A3BF-953C-4CBE-BF9D-3201D3637BDB}.Release|Any CPU.ActiveCfg = Release|Any CPU
		{B260A3BF-953C-4CBE-BF9D-3201D3637BDB}.Release|Any CPU.Build.0 = Release|Any CPU
		{B260A3BF-953C-4CBE-BF9D-3201D3637BDB}.Release|Any CPU.Deploy.0 = Release|Any CPU
		{34FE34E6-25AD-47CA-AEAE-B25002453940}.Debug|Any CPU.ActiveCfg = Debug|Any CPU
		{34FE34E6-25AD-47CA-AEAE-B25002453940}.Debug|Any CPU.Build.0 = Debug|Any CPU
		{34FE34E6-25AD-47CA-AEAE-B25002453940}.Release|Any CPU.ActiveCfg = Release|Any CPU
		{34FE34E6-25AD-47CA-AEAE-B25002453940}.Release|Any CPU.Build.0 = Release|Any CPU
	EndGlobalSection
	GlobalSection(SolutionProperties) = preSolution
		HideSolutionNode = FALSE
	EndGlobalSection
EndGlobal
